// !$*UTF8*$!
{
	archiveVersion = 1;
	classes = {
	};
	objectVersion = 56;
	objects = {

/* Begin PBXBuildFile section */
		D00142E82B15057E00AC22DC /* GarageHass.swift in Sources */ = {isa = PBXBuildFile; fileRef = D0B813B32AD319B500B3FB70 /* GarageHass.swift */; };
		D02511042B19156800F93198 /* Starscream in Frameworks */ = {isa = PBXBuildFile; productRef = D02511032B19156800F93198 /* Starscream */; };
		D09894E52B07D632002F273F /* WatchKit.framework in Frameworks */ = {isa = PBXBuildFile; fileRef = D09894E42B07D632002F273F /* WatchKit.framework */; };
		D0990C992B127D3B00858A65 /* GarageSocketManager.swift in Sources */ = {isa = PBXBuildFile; fileRef = D0990C982B127D3B00858A65 /* GarageSocketManager.swift */; };
		D0990C9B2B127D6F00858A65 /* WatchConnectivityHandler.swift in Sources */ = {isa = PBXBuildFile; fileRef = D0990C9A2B127D6F00858A65 /* WatchConnectivityHandler.swift */; };
		D0990CA32B1292FD00858A65 /* Enums.swift in Sources */ = {isa = PBXBuildFile; fileRef = D0990CA22B1292FD00858A65 /* Enums.swift */; };
		D0990CA42B12933200858A65 /* Enums.swift in Sources */ = {isa = PBXBuildFile; fileRef = D0990CA22B1292FD00858A65 /* Enums.swift */; };
		D09E26FF2AD98AF60012A82C /* PhoneExtension.swift in Sources */ = {isa = PBXBuildFile; fileRef = D09E26FE2AD98AF60012A82C /* PhoneExtension.swift */; };
		D0B813BC2AD319B500B3FB70 /* ConnectionStatusBar.swift in Sources */ = {isa = PBXBuildFile; fileRef = D0B813B22AD319B500B3FB70 /* ConnectionStatusBar.swift */; };
		D0B813BF2AD319B500B3FB70 /* Assets.xcassets in Resources */ = {isa = PBXBuildFile; fileRef = D0B813B52AD319B500B3FB70 /* Assets.xcassets */; };
		D0B813C02AD319B500B3FB70 /* Preview Assets.xcassets in Resources */ = {isa = PBXBuildFile; fileRef = D0B813B72AD319B500B3FB70 /* Preview Assets.xcassets */; };
		D0B813C42AD319B500B3FB70 /* PhoneView.swift in Sources */ = {isa = PBXBuildFile; fileRef = D0B813BB2AD319B500B3FB70 /* PhoneView.swift */; };
		D0BEB7A42AD32D740068CA1C /* Secrets.plist in Resources */ = {isa = PBXBuildFile; fileRef = D0BEB7A32AD32D730068CA1C /* Secrets.plist */; };
		D0CD57732B1B9F11006946C4 /* HassFramework.xcframework in Frameworks */ = {isa = PBXBuildFile; fileRef = D0D83C2A2B0C1DB200A583E5 /* HassFramework.xcframework */; };
		D0CD57742B1B9F11006946C4 /* HassFramework.xcframework in Embed Frameworks */ = {isa = PBXBuildFile; fileRef = D0D83C2A2B0C1DB200A583E5 /* HassFramework.xcframework */; settings = {ATTRIBUTES = (CodeSignOnCopy, RemoveHeadersOnCopy, ); }; };
		D0D83C342B0D2D6100A583E5 /* WatchEntityView.swift in Sources */ = {isa = PBXBuildFile; fileRef = D0D83C332B0D2D6100A583E5 /* WatchEntityView.swift */; };
		D0E410BB2B06DE0C00F7C128 /* WatchGarageHass Watch App.app in Embed Watch Content */ = {isa = PBXBuildFile; fileRef = D0E410AE2B06DE0B00F7C128 /* WatchGarageHass Watch App.app */; settings = {ATTRIBUTES = (RemoveHeadersOnCopy, ); }; };
		D0E410C02B06DE2F00F7C128 /* WatchGarageHassApp.swift in Sources */ = {isa = PBXBuildFile; fileRef = D0E410882B06DD0200F7C128 /* WatchGarageHassApp.swift */; };
		D0E410C22B06DF0100F7C128 /* WatchView.swift in Sources */ = {isa = PBXBuildFile; fileRef = D0E410772B06D5F300F7C128 /* WatchView.swift */; };
		D0E410C42B06DF3000F7C128 /* WatchViewModel.swift in Sources */ = {isa = PBXBuildFile; fileRef = D0E410802B06D7E500F7C128 /* WatchViewModel.swift */; };
/* End PBXBuildFile section */

/* Begin PBXContainerItemProxy section */
		D0E410B92B06DE0C00F7C128 /* PBXContainerItemProxy */ = {
			isa = PBXContainerItemProxy;
			containerPortal = D02198E2290479C1006CB906 /* Project object */;
			proxyType = 1;
			remoteGlobalIDString = D0E410AD2B06DE0B00F7C128;
			remoteInfo = "WatchGarageHass Watch App";
		};
/* End PBXContainerItemProxy section */

/* Begin PBXCopyFilesBuildPhase section */
		D0CD57752B1B9F11006946C4 /* Embed Frameworks */ = {
			isa = PBXCopyFilesBuildPhase;
			buildActionMask = 2147483647;
			dstPath = "";
			dstSubfolderSpec = 10;
			files = (
				D0CD57742B1B9F11006946C4 /* HassFramework.xcframework in Embed Frameworks */,
			);
			name = "Embed Frameworks";
			runOnlyForDeploymentPostprocessing = 0;
		};
		D0E410BF2B06DE0C00F7C128 /* Embed Watch Content */ = {
			isa = PBXCopyFilesBuildPhase;
			buildActionMask = 2147483647;
			dstPath = "$(CONTENTS_FOLDER_PATH)/Watch";
			dstSubfolderSpec = 16;
			files = (
				D0E410BB2B06DE0C00F7C128 /* WatchGarageHass Watch App.app in Embed Watch Content */,
			);
			name = "Embed Watch Content";
			runOnlyForDeploymentPostprocessing = 0;
		};
/* End PBXCopyFilesBuildPhase section */

/* Begin PBXFileReference section */
		D02198EA290479C1006CB906 /* GarageHass.app */ = {isa = PBXFileReference; explicitFileType = wrapper.application; includeInIndex = 0; path = GarageHass.app; sourceTree = BUILT_PRODUCTS_DIR; };
		D09894E22B07D03A002F273F /* Info.plist */ = {isa = PBXFileReference; lastKnownFileType = text.plist.xml; path = Info.plist; sourceTree = "<group>"; };
		D09894E42B07D632002F273F /* WatchKit.framework */ = {isa = PBXFileReference; lastKnownFileType = wrapper.framework; name = WatchKit.framework; path = Platforms/WatchOS.platform/Developer/SDKs/WatchOS10.0.sdk/System/Library/Frameworks/WatchKit.framework; sourceTree = DEVELOPER_DIR; };
		D0990C982B127D3B00858A65 /* GarageSocketManager.swift */ = {isa = PBXFileReference; lastKnownFileType = sourcecode.swift; path = GarageSocketManager.swift; sourceTree = "<group>"; };
		D0990C9A2B127D6F00858A65 /* WatchConnectivityHandler.swift */ = {isa = PBXFileReference; lastKnownFileType = sourcecode.swift; path = WatchConnectivityHandler.swift; sourceTree = "<group>"; };
		D0990CA22B1292FD00858A65 /* Enums.swift */ = {isa = PBXFileReference; fileEncoding = 4; lastKnownFileType = sourcecode.swift; path = Enums.swift; sourceTree = "<group>"; };
		D09E26FC2AD760010012A82C /* HassFramework.framework */ = {isa = PBXFileReference; lastKnownFileType = wrapper.framework; name = HassFramework.framework; path = GarageHass/HassFramework.framework; sourceTree = "<group>"; };
		D09E26FE2AD98AF60012A82C /* PhoneExtension.swift */ = {isa = PBXFileReference; fileEncoding = 4; lastKnownFileType = sourcecode.swift; path = PhoneExtension.swift; sourceTree = "<group>"; };
		D0B813B22AD319B500B3FB70 /* ConnectionStatusBar.swift */ = {isa = PBXFileReference; fileEncoding = 4; lastKnownFileType = sourcecode.swift; path = ConnectionStatusBar.swift; sourceTree = "<group>"; };
		D0B813B32AD319B500B3FB70 /* GarageHass.swift */ = {isa = PBXFileReference; fileEncoding = 4; lastKnownFileType = sourcecode.swift; path = GarageHass.swift; sourceTree = "<group>"; };
		D0B813B52AD319B500B3FB70 /* Assets.xcassets */ = {isa = PBXFileReference; lastKnownFileType = folder.assetcatalog; path = Assets.xcassets; sourceTree = "<group>"; };
		D0B813B72AD319B500B3FB70 /* Preview Assets.xcassets */ = {isa = PBXFileReference; lastKnownFileType = folder.assetcatalog; path = "Preview Assets.xcassets"; sourceTree = "<group>"; };
		D0B813BB2AD319B500B3FB70 /* PhoneView.swift */ = {isa = PBXFileReference; fileEncoding = 4; lastKnownFileType = sourcecode.swift; path = PhoneView.swift; sourceTree = "<group>"; };
		D0BEB7A32AD32D730068CA1C /* Secrets.plist */ = {isa = PBXFileReference; fileEncoding = 4; lastKnownFileType = text.plist.xml; path = Secrets.plist; sourceTree = "<group>"; };
		D0D83C2A2B0C1DB200A583E5 /* HassFramework.xcframework */ = {isa = PBXFileReference; lastKnownFileType = wrapper.xcframework; name = HassFramework.xcframework; path = ../Frameworks/HassFramework/HassFramework.xcframework; sourceTree = "<group>"; };
		D0D83C332B0D2D6100A583E5 /* WatchEntityView.swift */ = {isa = PBXFileReference; lastKnownFileType = sourcecode.swift; path = WatchEntityView.swift; sourceTree = "<group>"; };
		D0E410772B06D5F300F7C128 /* WatchView.swift */ = {isa = PBXFileReference; lastKnownFileType = sourcecode.swift; path = WatchView.swift; sourceTree = "<group>"; };
		D0E410802B06D7E500F7C128 /* WatchViewModel.swift */ = {isa = PBXFileReference; lastKnownFileType = sourcecode.swift; path = WatchViewModel.swift; sourceTree = "<group>"; };
		D0E410882B06DD0200F7C128 /* WatchGarageHassApp.swift */ = {isa = PBXFileReference; lastKnownFileType = sourcecode.swift; path = WatchGarageHassApp.swift; sourceTree = "<group>"; };
		D0E4108C2B06DD0400F7C128 /* Assets.xcassets */ = {isa = PBXFileReference; lastKnownFileType = folder.assetcatalog; path = Assets.xcassets; sourceTree = "<group>"; };
		D0E4108F2B06DD0400F7C128 /* Preview Assets.xcassets */ = {isa = PBXFileReference; lastKnownFileType = folder.assetcatalog; path = "Preview Assets.xcassets"; sourceTree = "<group>"; };
		D0E410AE2B06DE0B00F7C128 /* WatchGarageHass Watch App.app */ = {isa = PBXFileReference; explicitFileType = wrapper.application; includeInIndex = 0; path = "WatchGarageHass Watch App.app"; sourceTree = BUILT_PRODUCTS_DIR; };
/* End PBXFileReference section */

/* Begin PBXFrameworksBuildPhase section */
		D0BEB79E2AD32C870068CA1C /* Frameworks */ = {
			isa = PBXFrameworksBuildPhase;
			buildActionMask = 2147483647;
			files = (
				D02511042B19156800F93198 /* Starscream in Frameworks */,
				D0CD57732B1B9F11006946C4 /* HassFramework.xcframework in Frameworks */,
			);
			runOnlyForDeploymentPostprocessing = 0;
		};
		D0E410AB2B06DE0B00F7C128 /* Frameworks */ = {
			isa = PBXFrameworksBuildPhase;
			buildActionMask = 2147483647;
			files = (
				D09894E52B07D632002F273F /* WatchKit.framework in Frameworks */,
			);
			runOnlyForDeploymentPostprocessing = 0;
		};
/* End PBXFrameworksBuildPhase section */

/* Begin PBXGroup section */
		64FD5292DC945FC6B106BCF9 /* Frameworks */ = {
			isa = PBXGroup;
			children = (
				D0D83C2A2B0C1DB200A583E5 /* HassFramework.xcframework */,
				D09894E42B07D632002F273F /* WatchKit.framework */,
				D09E26FC2AD760010012A82C /* HassFramework.framework */,
			);
			name = Frameworks;
			sourceTree = "<group>";
		};
		D00142E62B15055800AC22DC /* Main apps */ = {
			isa = PBXGroup;
			children = (
				D0B813B32AD319B500B3FB70 /* GarageHass.swift */,
				D0E410882B06DD0200F7C128 /* WatchGarageHassApp.swift */,
			);
			path = "Main apps";
			sourceTree = "<group>";
		};
		D02198E1290479C1006CB906 = {
			isa = PBXGroup;
			children = (
				D09894E22B07D03A002F273F /* Info.plist */,
				D0BEB7A32AD32D730068CA1C /* Secrets.plist */,
				D00142E62B15055800AC22DC /* Main apps */,
				D0E410732B06D46900F7C128 /* Shared */,
				D0DB5D0D2B0AD94E00FA7F4D /* Phone Views */,
				D0DB5D0E2B0AD9A800FA7F4D /* Watch Views */,
				D0E4107F2B06D7AE00F7C128 /* ViewModels */,
				D0DB5D0C2B0AD86000FA7F4D /* Phone */,
				D0E410872B06DD0200F7C128 /* Watch */,
				D02198EB290479C1006CB906 /* Products */,
				64FD5292DC945FC6B106BCF9 /* Frameworks */,
			);
			sourceTree = "<group>";
		};
		D02198EB290479C1006CB906 /* Products */ = {
			isa = PBXGroup;
			children = (
				D02198EA290479C1006CB906 /* GarageHass.app */,
				D0E410AE2B06DE0B00F7C128 /* WatchGarageHass Watch App.app */,
			);
			name = Products;
			sourceTree = "<group>";
		};
		D0B813B62AD319B500B3FB70 /* Preview Content */ = {
			isa = PBXGroup;
			children = (
				D0B813B72AD319B500B3FB70 /* Preview Assets.xcassets */,
			);
			path = "Preview Content";
			sourceTree = "<group>";
		};
		D0DB5D0C2B0AD86000FA7F4D /* Phone */ = {
			isa = PBXGroup;
			children = (
				D0B813B52AD319B500B3FB70 /* Assets.xcassets */,
				D0B813B62AD319B500B3FB70 /* Preview Content */,
			);
			path = Phone;
			sourceTree = "<group>";
		};
		D0DB5D0D2B0AD94E00FA7F4D /* Phone Views */ = {
			isa = PBXGroup;
			children = (
				D0B813BB2AD319B500B3FB70 /* PhoneView.swift */,
				D0B813B22AD319B500B3FB70 /* ConnectionStatusBar.swift */,
			);
			path = "Phone Views";
			sourceTree = "<group>";
		};
		D0DB5D0E2B0AD9A800FA7F4D /* Watch Views */ = {
			isa = PBXGroup;
			children = (
				D0E410772B06D5F300F7C128 /* WatchView.swift */,
				D0D83C332B0D2D6100A583E5 /* WatchEntityView.swift */,
			);
			path = "Watch Views";
			sourceTree = "<group>";
		};
		D0E410732B06D46900F7C128 /* Shared */ = {
			isa = PBXGroup;
			children = (
				D0990CA22B1292FD00858A65 /* Enums.swift */,
			);
			path = Shared;
			sourceTree = "<group>";
		};
		D0E4107F2B06D7AE00F7C128 /* ViewModels */ = {
			isa = PBXGroup;
			children = (
				D0990C982B127D3B00858A65 /* GarageSocketManager.swift */,
				D09E26FE2AD98AF60012A82C /* PhoneExtension.swift */,
				D0E410802B06D7E500F7C128 /* WatchViewModel.swift */,
				D0990C9A2B127D6F00858A65 /* WatchConnectivityHandler.swift */,
			);
			path = ViewModels;
			sourceTree = "<group>";
		};
		D0E410872B06DD0200F7C128 /* Watch */ = {
			isa = PBXGroup;
			children = (
				D0E4108C2B06DD0400F7C128 /* Assets.xcassets */,
				D0E4108E2B06DD0400F7C128 /* Preview Content */,
			);
			path = Watch;
			sourceTree = "<group>";
		};
		D0E4108E2B06DD0400F7C128 /* Preview Content */ = {
			isa = PBXGroup;
			children = (
				D0E4108F2B06DD0400F7C128 /* Preview Assets.xcassets */,
			);
			path = "Preview Content";
			sourceTree = "<group>";
		};
/* End PBXGroup section */

/* Begin PBXNativeTarget section */
		D02198E9290479C1006CB906 /* GarageHass */ = {
			isa = PBXNativeTarget;
			buildConfigurationList = D02198F8290479C2006CB906 /* Build configuration list for PBXNativeTarget "GarageHass" */;
			buildPhases = (
				D02198E6290479C1006CB906 /* Sources */,
				D02198E8290479C1006CB906 /* Resources */,
				D0BEB79E2AD32C870068CA1C /* Frameworks */,
				D0E410BF2B06DE0C00F7C128 /* Embed Watch Content */,
				D0CD57752B1B9F11006946C4 /* Embed Frameworks */,
			);
			buildRules = (
			);
			dependencies = (
				D0E410BA2B06DE0C00F7C128 /* PBXTargetDependency */,
			);
			name = GarageHass;
			packageProductDependencies = (
				D02511032B19156800F93198 /* Starscream */,
			);
			productName = GarageNew;
			productReference = D02198EA290479C1006CB906 /* GarageHass.app */;
			productType = "com.apple.product-type.application";
		};
		D0E410AD2B06DE0B00F7C128 /* WatchGarageHass Watch App */ = {
			isa = PBXNativeTarget;
			buildConfigurationList = D0E410BC2B06DE0C00F7C128 /* Build configuration list for PBXNativeTarget "WatchGarageHass Watch App" */;
			buildPhases = (
				D0E410AA2B06DE0B00F7C128 /* Sources */,
				D0E410AB2B06DE0B00F7C128 /* Frameworks */,
				D0E410AC2B06DE0B00F7C128 /* Resources */,
			);
			buildRules = (
			);
			dependencies = (
			);
			name = "WatchGarageHass Watch App";
			packageProductDependencies = (
			);
			productName = "WatchGarageHass Watch App";
			productReference = D0E410AE2B06DE0B00F7C128 /* WatchGarageHass Watch App.app */;
			productType = "com.apple.product-type.application";
		};
/* End PBXNativeTarget section */

/* Begin PBXProject section */
		D02198E2290479C1006CB906 /* Project object */ = {
			isa = PBXProject;
			attributes = {
				BuildIndependentTargetsInParallel = 1;
				LastSwiftUpdateCheck = 1500;
				LastUpgradeCheck = 1500;
				TargetAttributes = {
					D02198E9290479C1006CB906 = {
						CreatedOnToolsVersion = 14.1;
					};
					D0E410AD2B06DE0B00F7C128 = {
						CreatedOnToolsVersion = 15.0.1;
					};
				};
			};
			buildConfigurationList = D02198E5290479C1006CB906 /* Build configuration list for PBXProject "GarageHass" */;
			compatibilityVersion = "Xcode 14.0";
			developmentRegion = en;
			hasScannedForEncodings = 0;
			knownRegions = (
				en,
				Base,
			);
			mainGroup = D02198E1290479C1006CB906;
			packageReferences = (
				D0BEB7A02AD32D5A0068CA1C /* XCRemoteSwiftPackageReference "Starscream" */,
			);
			productRefGroup = D02198EB290479C1006CB906 /* Products */;
			projectDirPath = "";
			projectRoot = "";
			targets = (
				D02198E9290479C1006CB906 /* GarageHass */,
				D0E410AD2B06DE0B00F7C128 /* WatchGarageHass Watch App */,
			);
		};
/* End PBXProject section */

/* Begin PBXResourcesBuildPhase section */
		D02198E8290479C1006CB906 /* Resources */ = {
			isa = PBXResourcesBuildPhase;
			buildActionMask = 2147483647;
			files = (
				D0B813C02AD319B500B3FB70 /* Preview Assets.xcassets in Resources */,
				D0BEB7A42AD32D740068CA1C /* Secrets.plist in Resources */,
				D0B813BF2AD319B500B3FB70 /* Assets.xcassets in Resources */,
			);
			runOnlyForDeploymentPostprocessing = 0;
		};
		D0E410AC2B06DE0B00F7C128 /* Resources */ = {
			isa = PBXResourcesBuildPhase;
			buildActionMask = 2147483647;
			files = (
			);
			runOnlyForDeploymentPostprocessing = 0;
		};
/* End PBXResourcesBuildPhase section */

/* Begin PBXSourcesBuildPhase section */
		D02198E6290479C1006CB906 /* Sources */ = {
			isa = PBXSourcesBuildPhase;
			buildActionMask = 2147483647;
			files = (
				D09E26FF2AD98AF60012A82C /* PhoneExtension.swift in Sources */,
				D0990C9B2B127D6F00858A65 /* WatchConnectivityHandler.swift in Sources */,
				D0990C992B127D3B00858A65 /* GarageSocketManager.swift in Sources */,
				D0990CA32B1292FD00858A65 /* Enums.swift in Sources */,
				D00142E82B15057E00AC22DC /* GarageHass.swift in Sources */,
				D0B813BC2AD319B500B3FB70 /* ConnectionStatusBar.swift in Sources */,
				D0B813C42AD319B500B3FB70 /* PhoneView.swift in Sources */,
			);
			runOnlyForDeploymentPostprocessing = 0;
		};
		D0E410AA2B06DE0B00F7C128 /* Sources */ = {
			isa = PBXSourcesBuildPhase;
			buildActionMask = 2147483647;
			files = (
				D0D83C342B0D2D6100A583E5 /* WatchEntityView.swift in Sources */,
				D0E410C02B06DE2F00F7C128 /* WatchGarageHassApp.swift in Sources */,
				D0990CA42B12933200858A65 /* Enums.swift in Sources */,
				D0E410C22B06DF0100F7C128 /* WatchView.swift in Sources */,
				D0E410C42B06DF3000F7C128 /* WatchViewModel.swift in Sources */,
			);
			runOnlyForDeploymentPostprocessing = 0;
		};
/* End PBXSourcesBuildPhase section */

/* Begin PBXTargetDependency section */
		D0E410BA2B06DE0C00F7C128 /* PBXTargetDependency */ = {
			isa = PBXTargetDependency;
			target = D0E410AD2B06DE0B00F7C128 /* WatchGarageHass Watch App */;
			targetProxy = D0E410B92B06DE0C00F7C128 /* PBXContainerItemProxy */;
		};
/* End PBXTargetDependency section */

/* Begin XCBuildConfiguration section */
		D02198F6290479C2006CB906 /* Debug */ = {
			isa = XCBuildConfiguration;
			buildSettings = {
				ALWAYS_SEARCH_USER_PATHS = NO;
				CLANG_ANALYZER_NONNULL = YES;
				CLANG_ANALYZER_NUMBER_OBJECT_CONVERSION = YES_AGGRESSIVE;
				CLANG_CXX_LANGUAGE_STANDARD = "gnu++20";
				CLANG_ENABLE_MODULES = YES;
				CLANG_ENABLE_OBJC_ARC = YES;
				CLANG_ENABLE_OBJC_WEAK = YES;
				CLANG_WARN_BLOCK_CAPTURE_AUTORELEASING = YES;
				CLANG_WARN_BOOL_CONVERSION = YES;
				CLANG_WARN_COMMA = YES;
				CLANG_WARN_CONSTANT_CONVERSION = YES;
				CLANG_WARN_DEPRECATED_OBJC_IMPLEMENTATIONS = YES;
				CLANG_WARN_DIRECT_OBJC_ISA_USAGE = YES_ERROR;
				CLANG_WARN_DOCUMENTATION_COMMENTS = YES;
				CLANG_WARN_EMPTY_BODY = YES;
				CLANG_WARN_ENUM_CONVERSION = YES;
				CLANG_WARN_INFINITE_RECURSION = YES;
				CLANG_WARN_INT_CONVERSION = YES;
				CLANG_WARN_NON_LITERAL_NULL_CONVERSION = YES;
				CLANG_WARN_OBJC_IMPLICIT_RETAIN_SELF = YES;
				CLANG_WARN_OBJC_LITERAL_CONVERSION = YES;
				CLANG_WARN_OBJC_ROOT_CLASS = YES_ERROR;
				CLANG_WARN_QUOTED_INCLUDE_IN_FRAMEWORK_HEADER = YES;
				CLANG_WARN_RANGE_LOOP_ANALYSIS = YES;
				CLANG_WARN_STRICT_PROTOTYPES = YES;
				CLANG_WARN_SUSPICIOUS_MOVE = YES;
				CLANG_WARN_UNGUARDED_AVAILABILITY = YES_AGGRESSIVE;
				CLANG_WARN_UNREACHABLE_CODE = YES;
				CLANG_WARN__DUPLICATE_METHOD_MATCH = YES;
				COPY_PHASE_STRIP = NO;
				DEBUG_INFORMATION_FORMAT = dwarf;
				ENABLE_STRICT_OBJC_MSGSEND = YES;
				ENABLE_TESTABILITY = YES;
				ENABLE_USER_SCRIPT_SANDBOXING = YES;
				GCC_C_LANGUAGE_STANDARD = gnu11;
				GCC_DYNAMIC_NO_PIC = NO;
				GCC_NO_COMMON_BLOCKS = YES;
				GCC_OPTIMIZATION_LEVEL = 0;
				GCC_PREPROCESSOR_DEFINITIONS = (
					"DEBUG=1",
					"$(inherited)",
				);
				GCC_WARN_64_TO_32_BIT_CONVERSION = YES;
				GCC_WARN_ABOUT_RETURN_TYPE = YES_ERROR;
				GCC_WARN_UNDECLARED_SELECTOR = YES;
				GCC_WARN_UNINITIALIZED_AUTOS = YES_AGGRESSIVE;
				GCC_WARN_UNUSED_FUNCTION = YES;
				GCC_WARN_UNUSED_VARIABLE = YES;
				IPHONEOS_DEPLOYMENT_TARGET = 16.1;
				MTL_ENABLE_DEBUG_INFO = INCLUDE_SOURCE;
				MTL_FAST_MATH = YES;
				ONLY_ACTIVE_ARCH = YES;
				SDKROOT = iphoneos;
				SWIFT_ACTIVE_COMPILATION_CONDITIONS = DEBUG;
				SWIFT_OPTIMIZATION_LEVEL = "-Onone";
			};
			name = Debug;
		};
		D02198F7290479C2006CB906 /* Release */ = {
			isa = XCBuildConfiguration;
			buildSettings = {
				ALWAYS_SEARCH_USER_PATHS = NO;
				CLANG_ANALYZER_NONNULL = YES;
				CLANG_ANALYZER_NUMBER_OBJECT_CONVERSION = YES_AGGRESSIVE;
				CLANG_CXX_LANGUAGE_STANDARD = "gnu++20";
				CLANG_ENABLE_MODULES = YES;
				CLANG_ENABLE_OBJC_ARC = YES;
				CLANG_ENABLE_OBJC_WEAK = YES;
				CLANG_WARN_BLOCK_CAPTURE_AUTORELEASING = YES;
				CLANG_WARN_BOOL_CONVERSION = YES;
				CLANG_WARN_COMMA = YES;
				CLANG_WARN_CONSTANT_CONVERSION = YES;
				CLANG_WARN_DEPRECATED_OBJC_IMPLEMENTATIONS = YES;
				CLANG_WARN_DIRECT_OBJC_ISA_USAGE = YES_ERROR;
				CLANG_WARN_DOCUMENTATION_COMMENTS = YES;
				CLANG_WARN_EMPTY_BODY = YES;
				CLANG_WARN_ENUM_CONVERSION = YES;
				CLANG_WARN_INFINITE_RECURSION = YES;
				CLANG_WARN_INT_CONVERSION = YES;
				CLANG_WARN_NON_LITERAL_NULL_CONVERSION = YES;
				CLANG_WARN_OBJC_IMPLICIT_RETAIN_SELF = YES;
				CLANG_WARN_OBJC_LITERAL_CONVERSION = YES;
				CLANG_WARN_OBJC_ROOT_CLASS = YES_ERROR;
				CLANG_WARN_QUOTED_INCLUDE_IN_FRAMEWORK_HEADER = YES;
				CLANG_WARN_RANGE_LOOP_ANALYSIS = YES;
				CLANG_WARN_STRICT_PROTOTYPES = YES;
				CLANG_WARN_SUSPICIOUS_MOVE = YES;
				CLANG_WARN_UNGUARDED_AVAILABILITY = YES_AGGRESSIVE;
				CLANG_WARN_UNREACHABLE_CODE = YES;
				CLANG_WARN__DUPLICATE_METHOD_MATCH = YES;
				COPY_PHASE_STRIP = NO;
				DEBUG_INFORMATION_FORMAT = "dwarf-with-dsym";
				ENABLE_NS_ASSERTIONS = NO;
				ENABLE_STRICT_OBJC_MSGSEND = YES;
				ENABLE_USER_SCRIPT_SANDBOXING = YES;
				GCC_C_LANGUAGE_STANDARD = gnu11;
				GCC_NO_COMMON_BLOCKS = YES;
				GCC_WARN_64_TO_32_BIT_CONVERSION = YES;
				GCC_WARN_ABOUT_RETURN_TYPE = YES_ERROR;
				GCC_WARN_UNDECLARED_SELECTOR = YES;
				GCC_WARN_UNINITIALIZED_AUTOS = YES_AGGRESSIVE;
				GCC_WARN_UNUSED_FUNCTION = YES;
				GCC_WARN_UNUSED_VARIABLE = YES;
				IPHONEOS_DEPLOYMENT_TARGET = 16.1;
				MTL_ENABLE_DEBUG_INFO = NO;
				MTL_FAST_MATH = YES;
				SDKROOT = iphoneos;
				SWIFT_COMPILATION_MODE = wholemodule;
				SWIFT_OPTIMIZATION_LEVEL = "-O";
				VALIDATE_PRODUCT = YES;
			};
			name = Release;
		};
		D02198F9290479C2006CB906 /* Debug */ = {
			isa = XCBuildConfiguration;
			buildSettings = {
				ALWAYS_EMBED_SWIFT_STANDARD_LIBRARIES = YES;
				ASSETCATALOG_COMPILER_APPICON_NAME = AppIcon;
				ASSETCATALOG_COMPILER_GLOBAL_ACCENT_COLOR_NAME = AccentColor;
				CODE_SIGN_STYLE = Automatic;
				CURRENT_PROJECT_VERSION = 1;
				DEVELOPMENT_ASSET_PATHS = "";
				DEVELOPMENT_TEAM = G3337N7QRS;
				ENABLE_PREVIEWS = YES;
				FRAMEWORK_SEARCH_PATHS = (
					"$(inherited)",
					"$(PROJECT_DIR)",
					"$(PROJECT_DIR)/GarageHass",
				);
				GENERATE_INFOPLIST_FILE = YES;
				INFOPLIST_FILE = Info.plist;
				INFOPLIST_KEY_UIApplicationSceneManifest_Generation = YES;
				INFOPLIST_KEY_UIApplicationSupportsIndirectInputEvents = YES;
				INFOPLIST_KEY_UILaunchScreen_Generation = YES;
				INFOPLIST_KEY_UISupportedInterfaceOrientations_iPad = "UIInterfaceOrientationPortrait UIInterfaceOrientationPortraitUpsideDown UIInterfaceOrientationLandscapeLeft UIInterfaceOrientationLandscapeRight";
				INFOPLIST_KEY_UISupportedInterfaceOrientations_iPhone = "UIInterfaceOrientationPortrait UIInterfaceOrientationLandscapeLeft UIInterfaceOrientationLandscapeRight";
				IPHONEOS_DEPLOYMENT_TARGET = 17.0;
				LD_RUNPATH_SEARCH_PATHS = (
					"$(inherited)",
					"@executable_path/Frameworks",
				);
				MARKETING_VERSION = 1.0;
				PRODUCT_BUNDLE_IDENTIFIER = com.powskierman.GarageHass;
				PRODUCT_NAME = "$(TARGET_NAME)";
				SWIFT_EMIT_LOC_STRINGS = YES;
				SWIFT_VERSION = 5.0;
				TARGETED_DEVICE_FAMILY = "1,2";
			};
			name = Debug;
		};
		D02198FA290479C2006CB906 /* Release */ = {
			isa = XCBuildConfiguration;
			buildSettings = {
				ALWAYS_EMBED_SWIFT_STANDARD_LIBRARIES = YES;
				ASSETCATALOG_COMPILER_APPICON_NAME = AppIcon;
				ASSETCATALOG_COMPILER_GLOBAL_ACCENT_COLOR_NAME = AccentColor;
				CODE_SIGN_STYLE = Automatic;
				CURRENT_PROJECT_VERSION = 1;
				DEVELOPMENT_ASSET_PATHS = "";
				DEVELOPMENT_TEAM = G3337N7QRS;
				ENABLE_PREVIEWS = YES;
				FRAMEWORK_SEARCH_PATHS = (
					"$(inherited)",
					"$(PROJECT_DIR)",
					"$(PROJECT_DIR)/GarageHass",
				);
				GENERATE_INFOPLIST_FILE = YES;
				INFOPLIST_FILE = Info.plist;
				INFOPLIST_KEY_UIApplicationSceneManifest_Generation = YES;
				INFOPLIST_KEY_UIApplicationSupportsIndirectInputEvents = YES;
				INFOPLIST_KEY_UILaunchScreen_Generation = YES;
				INFOPLIST_KEY_UISupportedInterfaceOrientations_iPad = "UIInterfaceOrientationPortrait UIInterfaceOrientationPortraitUpsideDown UIInterfaceOrientationLandscapeLeft UIInterfaceOrientationLandscapeRight";
				INFOPLIST_KEY_UISupportedInterfaceOrientations_iPhone = "UIInterfaceOrientationPortrait UIInterfaceOrientationLandscapeLeft UIInterfaceOrientationLandscapeRight";
				IPHONEOS_DEPLOYMENT_TARGET = 17.0;
				LD_RUNPATH_SEARCH_PATHS = (
					"$(inherited)",
					"@executable_path/Frameworks",
				);
				MARKETING_VERSION = 1.0;
				PRODUCT_BUNDLE_IDENTIFIER = com.powskierman.GarageHass;
				PRODUCT_NAME = "$(TARGET_NAME)";
				SWIFT_EMIT_LOC_STRINGS = YES;
				SWIFT_VERSION = 5.0;
				TARGETED_DEVICE_FAMILY = "1,2";
			};
			name = Release;
		};
		D0E410BD2B06DE0C00F7C128 /* Debug */ = {
			isa = XCBuildConfiguration;
			buildSettings = {
				ASSETCATALOG_COMPILER_APPICON_NAME = AppIcon;
				ASSETCATALOG_COMPILER_GENERATE_SWIFT_ASSET_SYMBOL_EXTENSIONS = YES;
				ASSETCATALOG_COMPILER_GLOBAL_ACCENT_COLOR_NAME = AccentColor;
				CODE_SIGN_STYLE = Automatic;
				CURRENT_PROJECT_VERSION = 1;
				DEVELOPMENT_ASSET_PATHS = "\"Watch/Preview Content\"";
				DEVELOPMENT_TEAM = G3337N7QRS;
				ENABLE_PREVIEWS = YES;
				GCC_C_LANGUAGE_STANDARD = gnu17;
				GENERATE_INFOPLIST_FILE = YES;
				INFOPLIST_FILE = "WatchGarageHass-Watch-App-Info.plist";
				INFOPLIST_KEY_CFBundleDisplayName = WatchGarageHass;
				INFOPLIST_KEY_UISupportedInterfaceOrientations = "UIInterfaceOrientationPortrait UIInterfaceOrientationPortraitUpsideDown";
				INFOPLIST_KEY_WKCompanionAppBundleIdentifier = com.powskierman.GarageHass;
				LD_RUNPATH_SEARCH_PATHS = (
					"$(inherited)",
					"@executable_path/Frameworks",
				);
				LOCALIZATION_PREFERS_STRING_CATALOGS = YES;
				MARKETING_VERSION = 1.0;
				PRODUCT_BUNDLE_IDENTIFIER = com.powskierman.GarageHass.watchkitapp;
				PRODUCT_NAME = "$(TARGET_NAME)";
				SDKROOT = watchos;
				SKIP_INSTALL = YES;
				SWIFT_ACTIVE_COMPILATION_CONDITIONS = "DEBUG $(inherited)";
				SWIFT_EMIT_LOC_STRINGS = YES;
				SWIFT_VERSION = 5.0;
				TARGETED_DEVICE_FAMILY = 4;
				WATCHOS_DEPLOYMENT_TARGET = 10.0;
			};
			name = Debug;
		};
		D0E410BE2B06DE0C00F7C128 /* Release */ = {
			isa = XCBuildConfiguration;
			buildSettings = {
				ASSETCATALOG_COMPILER_APPICON_NAME = AppIcon;
				ASSETCATALOG_COMPILER_GENERATE_SWIFT_ASSET_SYMBOL_EXTENSIONS = YES;
				ASSETCATALOG_COMPILER_GLOBAL_ACCENT_COLOR_NAME = AccentColor;
				CODE_SIGN_STYLE = Automatic;
				CURRENT_PROJECT_VERSION = 1;
				DEVELOPMENT_ASSET_PATHS = "\"Watch/Preview Content\"";
				DEVELOPMENT_TEAM = G3337N7QRS;
				ENABLE_PREVIEWS = YES;
				GCC_C_LANGUAGE_STANDARD = gnu17;
				GENERATE_INFOPLIST_FILE = YES;
				INFOPLIST_FILE = "WatchGarageHass-Watch-App-Info.plist";
				INFOPLIST_KEY_CFBundleDisplayName = WatchGarageHass;
				INFOPLIST_KEY_UISupportedInterfaceOrientations = "UIInterfaceOrientationPortrait UIInterfaceOrientationPortraitUpsideDown";
				INFOPLIST_KEY_WKCompanionAppBundleIdentifier = com.powskierman.GarageHass;
				LD_RUNPATH_SEARCH_PATHS = (
					"$(inherited)",
					"@executable_path/Frameworks",
				);
				LOCALIZATION_PREFERS_STRING_CATALOGS = YES;
				MARKETING_VERSION = 1.0;
				PRODUCT_BUNDLE_IDENTIFIER = com.powskierman.GarageHass.watchkitapp;
				PRODUCT_NAME = "$(TARGET_NAME)";
				SDKROOT = watchos;
				SKIP_INSTALL = YES;
				SWIFT_EMIT_LOC_STRINGS = YES;
				SWIFT_VERSION = 5.0;
				TARGETED_DEVICE_FAMILY = 4;
				WATCHOS_DEPLOYMENT_TARGET = 10.0;
			};
			name = Release;
		};
/* End XCBuildConfiguration section */

/* Begin XCConfigurationList section */
		D02198E5290479C1006CB906 /* Build configuration list for PBXProject "GarageHass" */ = {
			isa = XCConfigurationList;
			buildConfigurations = (
				D02198F6290479C2006CB906 /* Debug */,
				D02198F7290479C2006CB906 /* Release */,
			);
			defaultConfigurationIsVisible = 0;
			defaultConfigurationName = Release;
		};
		D02198F8290479C2006CB906 /* Build configuration list for PBXNativeTarget "GarageHass" */ = {
			isa = XCConfigurationList;
			buildConfigurations = (
				D02198F9290479C2006CB906 /* Debug */,
				D02198FA290479C2006CB906 /* Release */,
			);
			defaultConfigurationIsVisible = 0;
			defaultConfigurationName = Release;
		};
		D0E410BC2B06DE0C00F7C128 /* Build configuration list for PBXNativeTarget "WatchGarageHass Watch App" */ = {
			isa = XCConfigurationList;
			buildConfigurations = (
				D0E410BD2B06DE0C00F7C128 /* Debug */,
				D0E410BE2B06DE0C00F7C128 /* Release */,
			);
			defaultConfigurationIsVisible = 0;
			defaultConfigurationName = Release;
		};
/* End XCConfigurationList section */

/* Begin XCRemoteSwiftPackageReference section */
		D0BEB7A02AD32D5A0068CA1C /* XCRemoteSwiftPackageReference "Starscream" */ = {
			isa = XCRemoteSwiftPackageReference;
			repositoryURL = "https://github.com/daltoniam/Starscream.git";
			requirement = {
				kind = upToNextMajorVersion;
				minimumVersion = 4.0.6;
			};
		};
/* End XCRemoteSwiftPackageReference section */

/* Begin XCSwiftPackageProductDependency section */
		D02511032B19156800F93198 /* Starscream */ = {
			isa = XCSwiftPackageProductDependency;
			package = D0BEB7A02AD32D5A0068CA1C /* XCRemoteSwiftPackageReference "Starscream" */;
			productName = Starscream;
		};
/* End XCSwiftPackageProductDependency section */
	};
	rootObject = D02198E2290479C1006CB906 /* Project object */;
}
